
Microsoft Visual Studio Solution File, Format Version 12.00
# Visual Studio Version 16
VisualStudioVersion = 16.0.30523.141
MinimumVisualStudioVersion = 10.0.40219.1
Project("{FAE04EC0-301F-11D3-BF4B-00C04F79EFBC}") = "Maris_Silviu_Lab5", "Maris_Silviu_Lab5.csproj", "{BB3E47DD-FD14-4C6B-871C-4BCCA3934719}"
EndProject
Global
	GlobalSection(SolutionConfigurationPlatforms) = preSolution
		Debug|Any CPU = Debug|Any CPU
		Release|Any CPU = Release|Any CPU
	EndGlobalSection
	GlobalSection(ProjectConfigurationPlatforms) = postSolution
		{BB3E47DD-FD14-4C6B-871C-4BCCA3934719}.Debug|Any CPU.ActiveCfg = Debug|Any CPU
		{BB3E47DD-FD14-4C6B-871C-4BCCA3934719}.Debug|Any CPU.Build.0 = Debug|Any CPU
		{BB3E47DD-FD14-4C6B-871C-4BCCA3934719}.Release|Any CPU.ActiveCfg = Release|Any CPU
		{BB3E47DD-FD14-4C6B-871C-4BCCA3934719}.Release|Any CPU.Build.0 = Release|Any CPU
	EndGlobalSection
	GlobalSection(SolutionProperties) = preSolution
		HideSolutionNode = FALSE
	EndGlobalSection
	GlobalSection(ExtensibilityGlobals) = postSolution
		SolutionGuid = {DE8B8A4C-0D94-4BDF-89BF-2D30DDB95E1C}
	EndGlobalSection
EndGlobal
